
Microsoft Visual Studio Solution File, Format Version 12.00
# Visual Studio 15
VisualStudioVersion = 15.0.28307.1082
MinimumVisualStudioVersion = 10.0.40219.1
Project("{FAE04EC0-301F-11D3-BF4B-00C04F79EFBC}") = "ExercicioFixacaoListas", "ExercicioFixacaoListas\ExercicioFixacaoListas.csproj", "{BE892307-770D-45D6-B919-7F70D0EC957C}"
EndProject
Global
	GlobalSection(SolutionConfigurationPlatforms) = preSolution
		Debug|Any CPU = Debug|Any CPU
		Release|Any CPU = Release|Any CPU
	EndGlobalSection
	GlobalSection(ProjectConfigurationPlatforms) = postSolution
		{BE892307-770D-45D6-B919-7F70D0EC957C}.Debug|Any CPU.ActiveCfg = Debug|Any CPU
		{BE892307-770D-45D6-B919-7F70D0EC957C}.Debug|Any CPU.Build.0 = Debug|Any CPU
		{BE892307-770D-45D6-B919-7F70D0EC957C}.Release|Any CPU.ActiveCfg = Release|Any CPU
		{BE892307-770D-45D6-B919-7F70D0EC957C}.Release|Any CPU.Build.0 = Release|Any CPU
	EndGlobalSection
	GlobalSection(SolutionProperties) = preSolution
		HideSolutionNode = FALSE
	EndGlobalSection
	GlobalSection(ExtensibilityGlobals) = postSolution
		SolutionGuid = {0884D441-9020-4B41-93E3-BDEF2337F934}
	EndGlobalSection
EndGlobal
